
Microsoft Visual Studio Solution File, Format Version 12.00
# Visual Studio 14
VisualStudioVersion = 14.0.25123.0
MinimumVisualStudioVersion = 10.0.40219.1
Project("{F184B08F-C81C-45F6-A57F-5ABD9991F28F}") = "VBTypeScript1", "VBTypeScript1\VBTypeScript1.vbproj", "{0EBD3FBF-3E22-400A-BF3A-D8B6B7641ACE}"
EndProject
Global
	GlobalSection(SolutionConfigurationPlatforms) = preSolution
		Debug|Any CPU = Debug|Any CPU
		Release|Any CPU = Release|Any CPU
	EndGlobalSection
	GlobalSection(ProjectConfigurationPlatforms) = postSolution
		{0EBD3FBF-3E22-400A-BF3A-D8B6B7641ACE}.Debug|Any CPU.ActiveCfg = Debug|Any CPU
		{0EBD3FBF-3E22-400A-BF3A-D8B6B7641ACE}.Debug|Any CPU.Build.0 = Debug|Any CPU
		{0EBD3FBF-3E22-400A-BF3A-D8B6B7641ACE}.Release|Any CPU.ActiveCfg = Release|Any CPU
		{0EBD3FBF-3E22-400A-BF3A-D8B6B7641ACE}.Release|Any CPU.Build.0 = Release|Any CPU
	EndGlobalSection
	GlobalSection(SolutionProperties) = preSolution
		HideSolutionNode = FALSE
	EndGlobalSection
EndGlobal
